
Microsoft Visual Studio Solution File, Format Version 12.00
# Visual Studio Version 16
VisualStudioVersion = 16.0.28803.352
MinimumVisualStudioVersion = 10.0.40219.1
Project("{FAE04EC0-301F-11D3-BF4B-00C04F79EFBC}") = "MathSolver", "MathSolver\MathSolver.csproj", "{611841EF-2F66-449A-B438-59068EDE2F7C}"
EndProject
Global
	GlobalSection(SolutionConfigurationPlatforms) = preSolution
		Debug|Any CPU = Debug|Any CPU
		Release|Any CPU = Release|Any CPU
	EndGlobalSection
	GlobalSection(ProjectConfigurationPlatforms) = postSolution
		{611841EF-2F66-449A-B438-59068EDE2F7C}.Debug|Any CPU.ActiveCfg = Debug|Any CPU
		{611841EF-2F66-449A-B438-59068EDE2F7C}.Debug|Any CPU.Build.0 = Debug|Any CPU
		{611841EF-2F66-449A-B438-59068EDE2F7C}.Release|Any CPU.ActiveCfg = Release|Any CPU
		{611841EF-2F66-449A-B438-59068EDE2F7C}.Release|Any CPU.Build.0 = Release|Any CPU
	EndGlobalSection
	GlobalSection(SolutionProperties) = preSolution
		HideSolutionNode = FALSE
	EndGlobalSection
	GlobalSection(ExtensibilityGlobals) = postSolution
		SolutionGuid = {78198877-922F-46CE-8B52-B9C0BD8FA5D1}
	EndGlobalSection
EndGlobal
